
Microsoft Visual Studio Solution File, Format Version 12.00
# Visual Studio 2012
Project("{FAE04EC0-301F-11D3-BF4B-00C04F79EFBC}") = "Concurrency", "Concurrency\Concurrency.csproj", "{BE8BB294-CEBE-4DB7-A65F-60DED5452D78}"
EndProject
Project("{FAE04EC0-301F-11D3-BF4B-00C04F79EFBC}") = "Concurrency.Tests", "Concurrency.Tests\Concurrency.Tests.csproj", "{E5A0BF80-1D24-4C7E-8201-F0A8078A6936}"
EndProject
Project("{FAE04EC0-301F-11D3-BF4B-00C04F79EFBC}") = "Concurrency.Chess", "Concurrency.Chess\Concurrency.Chess.csproj", "{8D4A2FD6-25FF-4039-83AD-A6A8969928C6}"
EndProject
Global
	GlobalSection(SolutionConfigurationPlatforms) = preSolution
		Debug|Any CPU = Debug|Any CPU
		Release|Any CPU = Release|Any CPU
	EndGlobalSection
	GlobalSection(ProjectConfigurationPlatforms) = postSolution
		{BE8BB294-CEBE-4DB7-A65F-60DED5452D78}.Debug|Any CPU.ActiveCfg = Debug|Any CPU
		{BE8BB294-CEBE-4DB7-A65F-60DED5452D78}.Debug|Any CPU.Build.0 = Debug|Any CPU
		{BE8BB294-CEBE-4DB7-A65F-60DED5452D78}.Release|Any CPU.ActiveCfg = Release|Any CPU
		{BE8BB294-CEBE-4DB7-A65F-60DED5452D78}.Release|Any CPU.Build.0 = Release|Any CPU
		{E5A0BF80-1D24-4C7E-8201-F0A8078A6936}.Debug|Any CPU.ActiveCfg = Debug|Any CPU
		{E5A0BF80-1D24-4C7E-8201-F0A8078A6936}.Debug|Any CPU.Build.0 = Debug|Any CPU
		{E5A0BF80-1D24-4C7E-8201-F0A8078A6936}.Release|Any CPU.ActiveCfg = Release|Any CPU
		{E5A0BF80-1D24-4C7E-8201-F0A8078A6936}.Release|Any CPU.Build.0 = Release|Any CPU
		{8D4A2FD6-25FF-4039-83AD-A6A8969928C6}.Debug|Any CPU.ActiveCfg = Debug|Any CPU
		{8D4A2FD6-25FF-4039-83AD-A6A8969928C6}.Debug|Any CPU.Build.0 = Debug|Any CPU
		{8D4A2FD6-25FF-4039-83AD-A6A8969928C6}.Release|Any CPU.ActiveCfg = Release|Any CPU
		{8D4A2FD6-25FF-4039-83AD-A6A8969928C6}.Release|Any CPU.Build.0 = Release|Any CPU
	EndGlobalSection
	GlobalSection(SolutionProperties) = preSolution
		HideSolutionNode = FALSE
	EndGlobalSection
EndGlobal
